
Microsoft Visual Studio Solution File, Format Version 12.00
# Visual Studio Version 16
VisualStudioVersion = 16.0.30413.136
MinimumVisualStudioVersion = 10.0.40219.1
Project("{FAE04EC0-301F-11D3-BF4B-00C04F79EFBC}") = "Calculator", "Calculator\Calculator.csproj", "{4EBC8045-EA46-4631-B756-73621F11D8B7}"
EndProject
Global
	GlobalSection(SolutionConfigurationPlatforms) = preSolution
		Debug|Any CPU = Debug|Any CPU
		Release|Any CPU = Release|Any CPU
	EndGlobalSection
	GlobalSection(ProjectConfigurationPlatforms) = postSolution
		{4EBC8045-EA46-4631-B756-73621F11D8B7}.Debug|Any CPU.ActiveCfg = Debug|Any CPU
		{4EBC8045-EA46-4631-B756-73621F11D8B7}.Debug|Any CPU.Build.0 = Debug|Any CPU
		{4EBC8045-EA46-4631-B756-73621F11D8B7}.Release|Any CPU.ActiveCfg = Release|Any CPU
		{4EBC8045-EA46-4631-B756-73621F11D8B7}.Release|Any CPU.Build.0 = Release|Any CPU
	EndGlobalSection
	GlobalSection(SolutionProperties) = preSolution
		HideSolutionNode = FALSE
	EndGlobalSection
	GlobalSection(ExtensibilityGlobals) = postSolution
		SolutionGuid = {D0DAE26B-ADF2-4CFC-9C40-2BA302C0ED4F}
	EndGlobalSection
EndGlobal
